
Microsoft Visual Studio Solution File, Format Version 12.00
# Visual Studio Version 17
VisualStudioVersion = 17.0.31903.59
MinimumVisualStudioVersion = 10.0.40219.1
Project("{9A19103F-16F7-4668-BE54-9A1E7A4F7556}") = "Echoes.H2.Encoding.Tests", "Echoes.Encoding.Tests\Echoes.H2.Encoding.Tests.csproj", "{05C4473E-AAB1-4E21-AF36-5F7FA81572B9}"
EndProject
Project("{9A19103F-16F7-4668-BE54-9A1E7A4F7556}") = "Echoes", "Echoes\Echoes.csproj", "{DD0F010F-DEEC-43AA-A1A9-BF6014ECF3BD}"
EndProject
Project("{9A19103F-16F7-4668-BE54-9A1E7A4F7556}") = "Echoes.Cli", "Echoes.Cli\Echoes.Cli.csproj", "{A020742E-DADE-42CE-8235-18C084DFC597}"
EndProject
Project("{9A19103F-16F7-4668-BE54-9A1E7A4F7556}") = "Echoes.Tests", "Echoes.H2.Tests\Echoes.Tests.csproj", "{D13EFEFE-CFCF-405E-99C1-E35E43B184DE}"
EndProject
Project("{2150E333-8FDC-42A3-9474-1A3956D46DE8}") = "SubModules", "SubModules", "{78CCD077-82E0-44B1-AF2F-D4C640C25907}"
EndProject
Project("{9A19103F-16F7-4668-BE54-9A1E7A4F7556}") = "Sandbox.Models", "SubModules\Sandbox\Sandbox.Models\Sandbox.Models.csproj", "{EFE42F72-004B-49DD-89D6-8E0EDDFBD0DA}"
EndProject
Project("{9A19103F-16F7-4668-BE54-9A1E7A4F7556}") = "Echoes.Desktop", "Echoes.Desktop\Echoes.Desktop.csproj", "{26927AF9-DFA1-45B9-942D-BB12904E6774}"
EndProject
Project("{9A19103F-16F7-4668-BE54-9A1E7A4F7556}") = "Echoes.Desktop.Common", "Echoes.Desktop.Common\Echoes.Desktop.Common.csproj", "{FB7E80FE-64CC-4CC6-AFE5-D7029172A7C1}"
EndProject
Project("{FAE04EC0-301F-11D3-BF4B-00C04F79EFBC}") = "Echoes.Desktop.Service", "Echoes.Desktop.Service\Echoes.Desktop.Service.csproj", "{A6E1E399-F217-4D00-8341-228E6F4839AD}"
EndProject
Global
	GlobalSection(SolutionConfigurationPlatforms) = preSolution
		Debug|Any CPU = Debug|Any CPU
		Release|Any CPU = Release|Any CPU
	EndGlobalSection
	GlobalSection(ProjectConfigurationPlatforms) = postSolution
		{05C4473E-AAB1-4E21-AF36-5F7FA81572B9}.Debug|Any CPU.ActiveCfg = Debug|Any CPU
		{05C4473E-AAB1-4E21-AF36-5F7FA81572B9}.Debug|Any CPU.Build.0 = Debug|Any CPU
		{05C4473E-AAB1-4E21-AF36-5F7FA81572B9}.Release|Any CPU.ActiveCfg = Release|Any CPU
		{05C4473E-AAB1-4E21-AF36-5F7FA81572B9}.Release|Any CPU.Build.0 = Release|Any CPU
		{DD0F010F-DEEC-43AA-A1A9-BF6014ECF3BD}.Debug|Any CPU.ActiveCfg = Debug|Any CPU
		{DD0F010F-DEEC-43AA-A1A9-BF6014ECF3BD}.Debug|Any CPU.Build.0 = Debug|Any CPU
		{DD0F010F-DEEC-43AA-A1A9-BF6014ECF3BD}.Release|Any CPU.ActiveCfg = Release|Any CPU
		{DD0F010F-DEEC-43AA-A1A9-BF6014ECF3BD}.Release|Any CPU.Build.0 = Release|Any CPU
		{A020742E-DADE-42CE-8235-18C084DFC597}.Debug|Any CPU.ActiveCfg = Debug|Any CPU
		{A020742E-DADE-42CE-8235-18C084DFC597}.Debug|Any CPU.Build.0 = Debug|Any CPU
		{A020742E-DADE-42CE-8235-18C084DFC597}.Release|Any CPU.ActiveCfg = Release|Any CPU
		{A020742E-DADE-42CE-8235-18C084DFC597}.Release|Any CPU.Build.0 = Release|Any CPU
		{D13EFEFE-CFCF-405E-99C1-E35E43B184DE}.Debug|Any CPU.ActiveCfg = Debug|Any CPU
		{D13EFEFE-CFCF-405E-99C1-E35E43B184DE}.Debug|Any CPU.Build.0 = Debug|Any CPU
		{D13EFEFE-CFCF-405E-99C1-E35E43B184DE}.Release|Any CPU.ActiveCfg = Release|Any CPU
		{D13EFEFE-CFCF-405E-99C1-E35E43B184DE}.Release|Any CPU.Build.0 = Release|Any CPU
		{EFE42F72-004B-49DD-89D6-8E0EDDFBD0DA}.Debug|Any CPU.ActiveCfg = Debug|Any CPU
		{EFE42F72-004B-49DD-89D6-8E0EDDFBD0DA}.Debug|Any CPU.Build.0 = Debug|Any CPU
		{EFE42F72-004B-49DD-89D6-8E0EDDFBD0DA}.Release|Any CPU.ActiveCfg = Release|Any CPU
		{EFE42F72-004B-49DD-89D6-8E0EDDFBD0DA}.Release|Any CPU.Build.0 = Release|Any CPU
		{26927AF9-DFA1-45B9-942D-BB12904E6774}.Debug|Any CPU.ActiveCfg = Debug|Any CPU
		{26927AF9-DFA1-45B9-942D-BB12904E6774}.Debug|Any CPU.Build.0 = Debug|Any CPU
		{26927AF9-DFA1-45B9-942D-BB12904E6774}.Release|Any CPU.ActiveCfg = Release|Any CPU
		{26927AF9-DFA1-45B9-942D-BB12904E6774}.Release|Any CPU.Build.0 = Release|Any CPU
		{FB7E80FE-64CC-4CC6-AFE5-D7029172A7C1}.Debug|Any CPU.ActiveCfg = Debug|Any CPU
		{FB7E80FE-64CC-4CC6-AFE5-D7029172A7C1}.Debug|Any CPU.Build.0 = Debug|Any CPU
		{FB7E80FE-64CC-4CC6-AFE5-D7029172A7C1}.Release|Any CPU.ActiveCfg = Release|Any CPU
		{FB7E80FE-64CC-4CC6-AFE5-D7029172A7C1}.Release|Any CPU.Build.0 = Release|Any CPU
		{A6E1E399-F217-4D00-8341-228E6F4839AD}.Debug|Any CPU.ActiveCfg = Debug|Any CPU
		{A6E1E399-F217-4D00-8341-228E6F4839AD}.Debug|Any CPU.Build.0 = Debug|Any CPU
		{A6E1E399-F217-4D00-8341-228E6F4839AD}.Release|Any CPU.ActiveCfg = Release|Any CPU
		{A6E1E399-F217-4D00-8341-228E6F4839AD}.Release|Any CPU.Build.0 = Release|Any CPU
	EndGlobalSection
	GlobalSection(SolutionProperties) = preSolution
		HideSolutionNode = FALSE
	EndGlobalSection
	GlobalSection(NestedProjects) = preSolution
		{EFE42F72-004B-49DD-89D6-8E0EDDFBD0DA} = {78CCD077-82E0-44B1-AF2F-D4C640C25907}
	EndGlobalSection
	GlobalSection(ExtensibilityGlobals) = postSolution
		SolutionGuid = {82E271CB-7073-4A6C-8FF6-6DA616720D3A}
	EndGlobalSection
EndGlobal
