Microsoft Visual Studio Solution File, Format Version 12.00
# Visual Studio Version 18
VisualStudioVersion = 18.0.11222.15
MinimumVisualStudioVersion = 10.0.40219.1
Project("{9A19103F-16F7-4668-BE54-9A1E7A4F7556}") = "Fluxzy.Tests", "test\Fluxzy.Tests\Fluxzy.Tests.csproj", "{D13EFEFE-CFCF-405E-99C1-E35E43B184DE}"
EndProject
Project("{2150E333-8FDC-42A3-9474-1A3956D46DE8}") = "Tests", "Tests", "{CAD5F2E1-227B-43AD-AFF9-1311097038D6}"
EndProject
Project("{2150E333-8FDC-42A3-9474-1A3956D46DE8}") = "Pcap", "Pcap", "{AA4E8234-B9D8-4327-8E98-471CE95CEB2C}"
EndProject
Project("{9A19103F-16F7-4668-BE54-9A1E7A4F7556}") = "Fluxzy.Extensions", "src\Fluxzy.Extensions\Fluxzy.Extensions.csproj", "{4DF649BA-8A46-4FED-8BE9-D76AC10E447A}"
EndProject
Project("{2150E333-8FDC-42A3-9474-1A3956D46DE8}") = "Docs", "Docs", "{0680A987-3FA8-4A85-9ECD-49E185120ABB}"
	ProjectSection(SolutionItems) = preProject
		docs\README.md = docs\README.md
	EndProjectSection
EndProject
Project("{9A19103F-16F7-4668-BE54-9A1E7A4F7556}") = "Fluxzy.Tools.DocGen", "src\Fluxzy.Tools.DocGen\Fluxzy.Tools.DocGen.csproj", "{8D3369D8-3580-4197-893C-BCBA88DE71DD}"
EndProject
Project("{2150E333-8FDC-42A3-9474-1A3956D46DE8}") = "__global", "__global", "{00BE23C9-5D1A-44DE-A620-6C73418D8AB3}"
	ProjectSection(SolutionItems) = preProject
		.editorconfig = .editorconfig
		.gitattributes = .gitattributes
		.gitignore = .gitignore
		.github\workflows\ci.yml = .github\workflows\ci.yml
		codecov.yml = codecov.yml
		.github\workflows\coverage.yml = .github\workflows\coverage.yml
		Directory.Build.props = Directory.Build.props
		global.json = global.json
		LICENSE.md = LICENSE.md
		.github\workflows\pull-request.yaml = .github\workflows\pull-request.yaml
		README.md = README.md
		.github\workflows\release-cli.yml = .github\workflows\release-cli.yml
		.github\workflows\release-nuget.pre.public.yml = .github\workflows\release-nuget.pre.public.yml
		.github\workflows\release-nuget.public.yml = .github\workflows\release-nuget.public.yml
		.github\release.yml = .github\release.yml
		version.json = version.json
	EndProjectSection
EndProject
Project("{2150E333-8FDC-42A3-9474-1A3956D46DE8}") = "Samples", "Samples", "{30657256-C907-42C2-B7B2-DA4FD8D0E412}"
EndProject
Project("{9A19103F-16F7-4668-BE54-9A1E7A4F7556}") = "Fluxzy.Core", "src\Fluxzy.Core\Fluxzy.Core.csproj", "{C79EDDB1-E4FA-4AB3-BAE4-B60D4D4E0B5E}"
EndProject
Project("{9A19103F-16F7-4668-BE54-9A1E7A4F7556}") = "fluxzy", "src\Fluxzy\fluxzy.csproj", "{7826F811-8525-456B-99AC-03FBB8D37484}"
EndProject
Project("{2150E333-8FDC-42A3-9474-1A3956D46DE8}") = "build", "build", "{3A06E788-DEFD-4463-8E7B-48404C45D3B0}"
EndProject
Project("{9A19103F-16F7-4668-BE54-9A1E7A4F7556}") = "Fluxzy.Build", "build\Fluxzy.Build\Fluxzy.Build.csproj", "{B591162B-5B2B-4E69-9CB6-367C7BB1FC46}"
EndProject
Project("{9A19103F-16F7-4668-BE54-9A1E7A4F7556}") = "Fluxzy.Core.Pcap", "src\Fluxzy.Core.Pcap\Fluxzy.Core.Pcap.csproj", "{B650DAE5-17D9-459E-840D-A1DE637D27FF}"
EndProject
Project("{9A19103F-16F7-4668-BE54-9A1E7A4F7556}") = "Fluxzy.Core.Pcap.Cli", "src\Fluxzy.Core.Pcap.Cli\Fluxzy.Core.Pcap.Cli.csproj", "{680F1967-AC85-47B7-8420-08290D9F2D03}"
EndProject
Project("{9A19103F-16F7-4668-BE54-9A1E7A4F7556}") = "Fluxzy.Benchmarks", "test\Fluxzy.Benchmarks\Fluxzy.Benchmarks.csproj", "{D3A0B0A9-9116-4AE2-AFE9-2ECE6734D119}"
EndProject
Project("{9A19103F-16F7-4668-BE54-9A1E7A4F7556}") = "Samples.No002.Filtering", "examples\Samples.No002.Filtering\Samples.No002.Filtering.csproj", "{A2632EE1-A1B4-461D-9840-5173004BB9AC}"
EndProject
Project("{9A19103F-16F7-4668-BE54-9A1E7A4F7556}") = "Samples.No003.RawCapture", "examples\Samples.No003.RawCapture\Samples.No003.RawCapture.csproj", "{69CC0B36-F646-46AA-8879-A1AE4EDBA4B7}"
EndProject
Project("{9A19103F-16F7-4668-BE54-9A1E7A4F7556}") = "Samples.No004.BasicAlterations", "examples\Samples.No004.BasicAlterations\Samples.No004.BasicAlterations.csproj", "{A3D4E729-B4AA-47B1-AABF-8B478F839C81}"
EndProject
Project("{9A19103F-16F7-4668-BE54-9A1E7A4F7556}") = "Samples.No005.BasicAlterations_FromConfigurationFile", "examples\Samples.No005.BasicAlterations_FromConfigurationFile\Samples.No005.BasicAlterations_FromConfigurationFile.csproj", "{68111310-24F4-41FB-AE5F-FCF36B19DEC0}"
EndProject
Project("{9A19103F-16F7-4668-BE54-9A1E7A4F7556}") = "Samples.No006.CaptureOsTraffic", "examples\Samples.No006.CaptureOsTraffic\Samples.No006.CaptureOsTraffic.csproj", "{B1CCF34D-0743-45CE-A8AD-73BBB92830F0}"
EndProject
Project("{9A19103F-16F7-4668-BE54-9A1E7A4F7556}") = "Samples.No007.UsingClientCertificate", "examples\Samples.No007.UsingClientCertificate\Samples.No007.UsingClientCertificate.csproj", "{71700BE3-0335-4479-B5A3-D5CFDCF6F92E}"
EndProject
Project("{9A19103F-16F7-4668-BE54-9A1E7A4F7556}") = "Samples.No008.ForcingHttpVersion", "examples\Samples.No008.ForcingHttpVersion\Samples.No008.ForcingHttpVersion.csproj", "{6F6D6B43-A290-4CBB-A955-BB752CB1398E}"
EndProject
Project("{9A19103F-16F7-4668-BE54-9A1E7A4F7556}") = "Samples.No009.InjectCodeSnippet", "examples\Samples.No009.InjectCodeSnippet\Samples.No009.InjectCodeSnippet.csproj", "{07B1E779-F501-4EB7-8E40-51A15C04466C}"
EndProject
Project("{9A19103F-16F7-4668-BE54-9A1E7A4F7556}") = "Samples.No010.MockResponse", "examples\Samples.No010.MockResponse\Samples.No010.MockResponse.csproj", "{CAAC5B86-5CD7-4E04-85BB-0429127E7D11}"
EndProject
Project("{9A19103F-16F7-4668-BE54-9A1E7A4F7556}") = "Samples.No011.AddRequestCookie", "examples\Samples.No011.AddRequestCookie\Samples.No011.AddRequestCookie.csproj", "{CC11470A-D196-43C1-AA86-C80B6FDA2176}"
EndProject
Project("{9A19103F-16F7-4668-BE54-9A1E7A4F7556}") = "Samples.No012.AddResponseCookie", "examples\Samples.No012.AddResponseCookie\Samples.No012.AddResponseCookie.csproj", "{0153056B-8EB0-45D0-86E7-E2AD08B2657A}"
EndProject
Project("{9A19103F-16F7-4668-BE54-9A1E7A4F7556}") = "Samples.No013.ModifyHeaders", "examples\Samples.No013.ModifyHeaders\Samples.No013.ModifyHeaders.csproj", "{BABC5626-5E8F-4DDE-8649-6BE68BAA59E5}"
EndProject
Project("{9A19103F-16F7-4668-BE54-9A1E7A4F7556}") = "Samples.No014.HttpClientWithPcap", "examples\Samples.No014.HttpClientWithPcap\Samples.No014.HttpClientWithPcap.csproj", "{5B29B355-BA5C-4ED5-AC79-49A58C4ECB07}"
EndProject
Project("{2150E333-8FDC-42A3-9474-1A3956D46DE8}") = "docker", "docker", "{BBFE3627-31E2-4BA2-8AD9-49FFD728B943}"
	ProjectSection(SolutionItems) = preProject
		.dockerignore = .dockerignore
		docker\Dockerfile.alpine-x64 = docker\Dockerfile.alpine-x64
		docker\entrypoint.sh = docker\entrypoint.sh
	EndProjectSection
EndProject
Project("{9A19103F-16F7-4668-BE54-9A1E7A4F7556}") = "Samples.No001.RecordAsHarOrFxzy", "examples\Samples.No001.RecordAsHarOrFxzy\Samples.No001.RecordAsHarOrFxzy.csproj", "{711E4B08-93E0-4A31-8AE7-8E7C97DA5260}"
EndProject
Project("{FAE04EC0-301F-11D3-BF4B-00C04F79EFBC}") = "Samples.No015.ReadingArchive", "examples\Samples.No015.ReadingArchive\Samples.No015.ReadingArchive.csproj", "{8DEDB40D-1244-4A8A-A776-69971B219CBC}"
EndProject
Project("{FAE04EC0-301F-11D3-BF4B-00C04F79EFBC}") = "Samples.No016.ImpersonateBrowser", "examples\Samples.No016.ImpersonateBrowser\Samples.No016.ImpersonateBrowser.csproj", "{644B0F31-E946-4BF9-AFA5-54C80C78AE17}"
EndProject
Project("{FAE04EC0-301F-11D3-BF4B-00C04F79EFBC}") = "Samples.No018.TransformResponseBody", "examples\Samples.No018.TransformResponseBody\Samples.No018.TransformResponseBody.csproj", "{D7327C1F-008C-B410-1731-4C9D73C36294}"
EndProject
Project("{FAE04EC0-301F-11D3-BF4B-00C04F79EFBC}") = "Samples.No017.TransformRequestBody", "examples\Samples.No017.TransformRequestBody\Samples.No017.TransformRequestBody.csproj", "{9E059754-45E1-A78A-C64C-58A7B064A5E5}"
EndProject
Project("{FAE04EC0-301F-11D3-BF4B-00C04F79EFBC}") = "Samples.No019.HttpMessageHandlerWithCustomFingerPrint", "examples\Samples.No019.HttpMessageHandlerWithCustomFingerPrint\Samples.No019.HttpMessageHandlerWithCustomFingerPrint.csproj", "{F51A9B94-B477-2535-6E66-6DC0E1FC4C86}"
EndProject
Project("{FAE04EC0-301F-11D3-BF4B-00C04F79EFBC}") = "Samples.No020.HotReloadRules", "examples\Samples.No020.HotReloadRules\Samples.No020.HotReloadRules.csproj", "{927528F5-01A1-20D3-E67F-190BE1229CAB}"
EndProject
Project("{FAE04EC0-301F-11D3-BF4B-00C04F79EFBC}") = "Samples.No021.SessionCaptureAndReplay", "examples\Samples.No021.SessionCaptureAndReplay\Samples.No021.SessionCaptureAndReplay.csproj", "{E6BBC6C7-A37D-F243-63B1-BB73555EE4DE}"
EndProject
Project("{FAE04EC0-301F-11D3-BF4B-00C04F79EFBC}") = "Samples.No022.RejectRequests", "examples\Samples.No022.RejectRequests\Samples.No022.RejectRequests.csproj", "{8DD7D9EB-A54B-7C5D-ADF4-2447FF9A7CC4}"
EndProject
Global
	GlobalSection(SolutionConfigurationPlatforms) = preSolution
		Debug|Any CPU = Debug|Any CPU
		Release|Any CPU = Release|Any CPU
	EndGlobalSection
	GlobalSection(ProjectConfigurationPlatforms) = postSolution
		{D13EFEFE-CFCF-405E-99C1-E35E43B184DE}.Debug|Any CPU.ActiveCfg = Debug|Any CPU
		{D13EFEFE-CFCF-405E-99C1-E35E43B184DE}.Debug|Any CPU.Build.0 = Debug|Any CPU
		{D13EFEFE-CFCF-405E-99C1-E35E43B184DE}.Release|Any CPU.ActiveCfg = Release|Any CPU
		{D13EFEFE-CFCF-405E-99C1-E35E43B184DE}.Release|Any CPU.Build.0 = Release|Any CPU
		{4DF649BA-8A46-4FED-8BE9-D76AC10E447A}.Debug|Any CPU.ActiveCfg = Debug|Any CPU
		{4DF649BA-8A46-4FED-8BE9-D76AC10E447A}.Debug|Any CPU.Build.0 = Debug|Any CPU
		{4DF649BA-8A46-4FED-8BE9-D76AC10E447A}.Release|Any CPU.ActiveCfg = Release|Any CPU
		{4DF649BA-8A46-4FED-8BE9-D76AC10E447A}.Release|Any CPU.Build.0 = Release|Any CPU
		{8D3369D8-3580-4197-893C-BCBA88DE71DD}.Debug|Any CPU.ActiveCfg = Debug|Any CPU
		{8D3369D8-3580-4197-893C-BCBA88DE71DD}.Debug|Any CPU.Build.0 = Debug|Any CPU
		{8D3369D8-3580-4197-893C-BCBA88DE71DD}.Release|Any CPU.ActiveCfg = Release|Any CPU
		{8D3369D8-3580-4197-893C-BCBA88DE71DD}.Release|Any CPU.Build.0 = Release|Any CPU
		{C79EDDB1-E4FA-4AB3-BAE4-B60D4D4E0B5E}.Debug|Any CPU.ActiveCfg = Debug|Any CPU
		{C79EDDB1-E4FA-4AB3-BAE4-B60D4D4E0B5E}.Debug|Any CPU.Build.0 = Debug|Any CPU
		{C79EDDB1-E4FA-4AB3-BAE4-B60D4D4E0B5E}.Release|Any CPU.ActiveCfg = Release|Any CPU
		{C79EDDB1-E4FA-4AB3-BAE4-B60D4D4E0B5E}.Release|Any CPU.Build.0 = Release|Any CPU
		{7826F811-8525-456B-99AC-03FBB8D37484}.Debug|Any CPU.ActiveCfg = Debug|Any CPU
		{7826F811-8525-456B-99AC-03FBB8D37484}.Debug|Any CPU.Build.0 = Debug|Any CPU
		{7826F811-8525-456B-99AC-03FBB8D37484}.Release|Any CPU.ActiveCfg = Release|Any CPU
		{7826F811-8525-456B-99AC-03FBB8D37484}.Release|Any CPU.Build.0 = Release|Any CPU
		{B591162B-5B2B-4E69-9CB6-367C7BB1FC46}.Debug|Any CPU.ActiveCfg = Debug|Any CPU
		{B591162B-5B2B-4E69-9CB6-367C7BB1FC46}.Debug|Any CPU.Build.0 = Debug|Any CPU
		{B591162B-5B2B-4E69-9CB6-367C7BB1FC46}.Release|Any CPU.ActiveCfg = Release|Any CPU
		{B591162B-5B2B-4E69-9CB6-367C7BB1FC46}.Release|Any CPU.Build.0 = Release|Any CPU
		{B650DAE5-17D9-459E-840D-A1DE637D27FF}.Debug|Any CPU.ActiveCfg = Debug|Any CPU
		{B650DAE5-17D9-459E-840D-A1DE637D27FF}.Debug|Any CPU.Build.0 = Debug|Any CPU
		{B650DAE5-17D9-459E-840D-A1DE637D27FF}.Release|Any CPU.ActiveCfg = Release|Any CPU
		{B650DAE5-17D9-459E-840D-A1DE637D27FF}.Release|Any CPU.Build.0 = Release|Any CPU
		{680F1967-AC85-47B7-8420-08290D9F2D03}.Debug|Any CPU.ActiveCfg = Debug|Any CPU
		{680F1967-AC85-47B7-8420-08290D9F2D03}.Debug|Any CPU.Build.0 = Debug|Any CPU
		{680F1967-AC85-47B7-8420-08290D9F2D03}.Release|Any CPU.ActiveCfg = Release|Any CPU
		{680F1967-AC85-47B7-8420-08290D9F2D03}.Release|Any CPU.Build.0 = Release|Any CPU
		{D3A0B0A9-9116-4AE2-AFE9-2ECE6734D119}.Debug|Any CPU.ActiveCfg = Debug|Any CPU
		{D3A0B0A9-9116-4AE2-AFE9-2ECE6734D119}.Debug|Any CPU.Build.0 = Debug|Any CPU
		{D3A0B0A9-9116-4AE2-AFE9-2ECE6734D119}.Release|Any CPU.ActiveCfg = Release|Any CPU
		{D3A0B0A9-9116-4AE2-AFE9-2ECE6734D119}.Release|Any CPU.Build.0 = Release|Any CPU
		{A2632EE1-A1B4-461D-9840-5173004BB9AC}.Debug|Any CPU.ActiveCfg = Debug|Any CPU
		{A2632EE1-A1B4-461D-9840-5173004BB9AC}.Debug|Any CPU.Build.0 = Debug|Any CPU
		{A2632EE1-A1B4-461D-9840-5173004BB9AC}.Release|Any CPU.ActiveCfg = Release|Any CPU
		{A2632EE1-A1B4-461D-9840-5173004BB9AC}.Release|Any CPU.Build.0 = Release|Any CPU
		{69CC0B36-F646-46AA-8879-A1AE4EDBA4B7}.Debug|Any CPU.ActiveCfg = Debug|Any CPU
		{69CC0B36-F646-46AA-8879-A1AE4EDBA4B7}.Debug|Any CPU.Build.0 = Debug|Any CPU
		{69CC0B36-F646-46AA-8879-A1AE4EDBA4B7}.Release|Any CPU.ActiveCfg = Release|Any CPU
		{69CC0B36-F646-46AA-8879-A1AE4EDBA4B7}.Release|Any CPU.Build.0 = Release|Any CPU
		{A3D4E729-B4AA-47B1-AABF-8B478F839C81}.Debug|Any CPU.ActiveCfg = Debug|Any CPU
		{A3D4E729-B4AA-47B1-AABF-8B478F839C81}.Debug|Any CPU.Build.0 = Debug|Any CPU
		{A3D4E729-B4AA-47B1-AABF-8B478F839C81}.Release|Any CPU.ActiveCfg = Release|Any CPU
		{A3D4E729-B4AA-47B1-AABF-8B478F839C81}.Release|Any CPU.Build.0 = Release|Any CPU
		{68111310-24F4-41FB-AE5F-FCF36B19DEC0}.Debug|Any CPU.ActiveCfg = Debug|Any CPU
		{68111310-24F4-41FB-AE5F-FCF36B19DEC0}.Debug|Any CPU.Build.0 = Debug|Any CPU
		{68111310-24F4-41FB-AE5F-FCF36B19DEC0}.Release|Any CPU.ActiveCfg = Release|Any CPU
		{68111310-24F4-41FB-AE5F-FCF36B19DEC0}.Release|Any CPU.Build.0 = Release|Any CPU
		{B1CCF34D-0743-45CE-A8AD-73BBB92830F0}.Debug|Any CPU.ActiveCfg = Debug|Any CPU
		{B1CCF34D-0743-45CE-A8AD-73BBB92830F0}.Debug|Any CPU.Build.0 = Debug|Any CPU
		{B1CCF34D-0743-45CE-A8AD-73BBB92830F0}.Release|Any CPU.ActiveCfg = Release|Any CPU
		{B1CCF34D-0743-45CE-A8AD-73BBB92830F0}.Release|Any CPU.Build.0 = Release|Any CPU
		{71700BE3-0335-4479-B5A3-D5CFDCF6F92E}.Debug|Any CPU.ActiveCfg = Debug|Any CPU
		{71700BE3-0335-4479-B5A3-D5CFDCF6F92E}.Debug|Any CPU.Build.0 = Debug|Any CPU
		{71700BE3-0335-4479-B5A3-D5CFDCF6F92E}.Release|Any CPU.ActiveCfg = Release|Any CPU
		{71700BE3-0335-4479-B5A3-D5CFDCF6F92E}.Release|Any CPU.Build.0 = Release|Any CPU
		{6F6D6B43-A290-4CBB-A955-BB752CB1398E}.Debug|Any CPU.ActiveCfg = Debug|Any CPU
		{6F6D6B43-A290-4CBB-A955-BB752CB1398E}.Debug|Any CPU.Build.0 = Debug|Any CPU
		{6F6D6B43-A290-4CBB-A955-BB752CB1398E}.Release|Any CPU.ActiveCfg = Release|Any CPU
		{6F6D6B43-A290-4CBB-A955-BB752CB1398E}.Release|Any CPU.Build.0 = Release|Any CPU
		{07B1E779-F501-4EB7-8E40-51A15C04466C}.Debug|Any CPU.ActiveCfg = Debug|Any CPU
		{07B1E779-F501-4EB7-8E40-51A15C04466C}.Debug|Any CPU.Build.0 = Debug|Any CPU
		{07B1E779-F501-4EB7-8E40-51A15C04466C}.Release|Any CPU.ActiveCfg = Release|Any CPU
		{07B1E779-F501-4EB7-8E40-51A15C04466C}.Release|Any CPU.Build.0 = Release|Any CPU
		{CAAC5B86-5CD7-4E04-85BB-0429127E7D11}.Debug|Any CPU.ActiveCfg = Debug|Any CPU
		{CAAC5B86-5CD7-4E04-85BB-0429127E7D11}.Debug|Any CPU.Build.0 = Debug|Any CPU
		{CAAC5B86-5CD7-4E04-85BB-0429127E7D11}.Release|Any CPU.ActiveCfg = Release|Any CPU
		{CAAC5B86-5CD7-4E04-85BB-0429127E7D11}.Release|Any CPU.Build.0 = Release|Any CPU
		{CC11470A-D196-43C1-AA86-C80B6FDA2176}.Debug|Any CPU.ActiveCfg = Debug|Any CPU
		{CC11470A-D196-43C1-AA86-C80B6FDA2176}.Debug|Any CPU.Build.0 = Debug|Any CPU
		{CC11470A-D196-43C1-AA86-C80B6FDA2176}.Release|Any CPU.ActiveCfg = Release|Any CPU
		{CC11470A-D196-43C1-AA86-C80B6FDA2176}.Release|Any CPU.Build.0 = Release|Any CPU
		{0153056B-8EB0-45D0-86E7-E2AD08B2657A}.Debug|Any CPU.ActiveCfg = Debug|Any CPU
		{0153056B-8EB0-45D0-86E7-E2AD08B2657A}.Debug|Any CPU.Build.0 = Debug|Any CPU
		{0153056B-8EB0-45D0-86E7-E2AD08B2657A}.Release|Any CPU.ActiveCfg = Release|Any CPU
		{0153056B-8EB0-45D0-86E7-E2AD08B2657A}.Release|Any CPU.Build.0 = Release|Any CPU
		{BABC5626-5E8F-4DDE-8649-6BE68BAA59E5}.Debug|Any CPU.ActiveCfg = Debug|Any CPU
		{BABC5626-5E8F-4DDE-8649-6BE68BAA59E5}.Debug|Any CPU.Build.0 = Debug|Any CPU
		{BABC5626-5E8F-4DDE-8649-6BE68BAA59E5}.Release|Any CPU.ActiveCfg = Release|Any CPU
		{BABC5626-5E8F-4DDE-8649-6BE68BAA59E5}.Release|Any CPU.Build.0 = Release|Any CPU
		{5B29B355-BA5C-4ED5-AC79-49A58C4ECB07}.Debug|Any CPU.ActiveCfg = Debug|Any CPU
		{5B29B355-BA5C-4ED5-AC79-49A58C4ECB07}.Debug|Any CPU.Build.0 = Debug|Any CPU
		{5B29B355-BA5C-4ED5-AC79-49A58C4ECB07}.Release|Any CPU.ActiveCfg = Release|Any CPU
		{5B29B355-BA5C-4ED5-AC79-49A58C4ECB07}.Release|Any CPU.Build.0 = Release|Any CPU
		{711E4B08-93E0-4A31-8AE7-8E7C97DA5260}.Debug|Any CPU.ActiveCfg = Debug|Any CPU
		{711E4B08-93E0-4A31-8AE7-8E7C97DA5260}.Debug|Any CPU.Build.0 = Debug|Any CPU
		{711E4B08-93E0-4A31-8AE7-8E7C97DA5260}.Release|Any CPU.ActiveCfg = Release|Any CPU
		{711E4B08-93E0-4A31-8AE7-8E7C97DA5260}.Release|Any CPU.Build.0 = Release|Any CPU
		{8DEDB40D-1244-4A8A-A776-69971B219CBC}.Debug|Any CPU.ActiveCfg = Debug|Any CPU
		{8DEDB40D-1244-4A8A-A776-69971B219CBC}.Debug|Any CPU.Build.0 = Debug|Any CPU
		{8DEDB40D-1244-4A8A-A776-69971B219CBC}.Release|Any CPU.ActiveCfg = Release|Any CPU
		{8DEDB40D-1244-4A8A-A776-69971B219CBC}.Release|Any CPU.Build.0 = Release|Any CPU
		{644B0F31-E946-4BF9-AFA5-54C80C78AE17}.Debug|Any CPU.ActiveCfg = Debug|Any CPU
		{644B0F31-E946-4BF9-AFA5-54C80C78AE17}.Debug|Any CPU.Build.0 = Debug|Any CPU
		{644B0F31-E946-4BF9-AFA5-54C80C78AE17}.Release|Any CPU.ActiveCfg = Release|Any CPU
		{644B0F31-E946-4BF9-AFA5-54C80C78AE17}.Release|Any CPU.Build.0 = Release|Any CPU
		{D7327C1F-008C-B410-1731-4C9D73C36294}.Debug|Any CPU.ActiveCfg = Debug|Any CPU
		{D7327C1F-008C-B410-1731-4C9D73C36294}.Debug|Any CPU.Build.0 = Debug|Any CPU
		{D7327C1F-008C-B410-1731-4C9D73C36294}.Release|Any CPU.ActiveCfg = Release|Any CPU
		{D7327C1F-008C-B410-1731-4C9D73C36294}.Release|Any CPU.Build.0 = Release|Any CPU
		{9E059754-45E1-A78A-C64C-58A7B064A5E5}.Debug|Any CPU.ActiveCfg = Debug|Any CPU
		{9E059754-45E1-A78A-C64C-58A7B064A5E5}.Debug|Any CPU.Build.0 = Debug|Any CPU
		{9E059754-45E1-A78A-C64C-58A7B064A5E5}.Release|Any CPU.ActiveCfg = Release|Any CPU
		{9E059754-45E1-A78A-C64C-58A7B064A5E5}.Release|Any CPU.Build.0 = Release|Any CPU
		{F51A9B94-B477-2535-6E66-6DC0E1FC4C86}.Debug|Any CPU.ActiveCfg = Debug|Any CPU
		{F51A9B94-B477-2535-6E66-6DC0E1FC4C86}.Debug|Any CPU.Build.0 = Debug|Any CPU
		{F51A9B94-B477-2535-6E66-6DC0E1FC4C86}.Release|Any CPU.ActiveCfg = Release|Any CPU
		{F51A9B94-B477-2535-6E66-6DC0E1FC4C86}.Release|Any CPU.Build.0 = Release|Any CPU
		{927528F5-01A1-20D3-E67F-190BE1229CAB}.Debug|Any CPU.ActiveCfg = Debug|Any CPU
		{927528F5-01A1-20D3-E67F-190BE1229CAB}.Debug|Any CPU.Build.0 = Debug|Any CPU
		{927528F5-01A1-20D3-E67F-190BE1229CAB}.Release|Any CPU.ActiveCfg = Release|Any CPU
		{927528F5-01A1-20D3-E67F-190BE1229CAB}.Release|Any CPU.Build.0 = Release|Any CPU
		{E6BBC6C7-A37D-F243-63B1-BB73555EE4DE}.Debug|Any CPU.ActiveCfg = Debug|Any CPU
		{E6BBC6C7-A37D-F243-63B1-BB73555EE4DE}.Debug|Any CPU.Build.0 = Debug|Any CPU
		{E6BBC6C7-A37D-F243-63B1-BB73555EE4DE}.Release|Any CPU.ActiveCfg = Release|Any CPU
		{E6BBC6C7-A37D-F243-63B1-BB73555EE4DE}.Release|Any CPU.Build.0 = Release|Any CPU
		{8DD7D9EB-A54B-7C5D-ADF4-2447FF9A7CC4}.Debug|Any CPU.ActiveCfg = Debug|Any CPU
		{8DD7D9EB-A54B-7C5D-ADF4-2447FF9A7CC4}.Debug|Any CPU.Build.0 = Debug|Any CPU
		{8DD7D9EB-A54B-7C5D-ADF4-2447FF9A7CC4}.Release|Any CPU.ActiveCfg = Release|Any CPU
		{8DD7D9EB-A54B-7C5D-ADF4-2447FF9A7CC4}.Release|Any CPU.Build.0 = Release|Any CPU
	EndGlobalSection
	GlobalSection(SolutionProperties) = preSolution
		HideSolutionNode = FALSE
	EndGlobalSection
	GlobalSection(NestedProjects) = preSolution
		{D13EFEFE-CFCF-405E-99C1-E35E43B184DE} = {CAD5F2E1-227B-43AD-AFF9-1311097038D6}
		{8D3369D8-3580-4197-893C-BCBA88DE71DD} = {0680A987-3FA8-4A85-9ECD-49E185120ABB}
		{B591162B-5B2B-4E69-9CB6-367C7BB1FC46} = {3A06E788-DEFD-4463-8E7B-48404C45D3B0}
		{B650DAE5-17D9-459E-840D-A1DE637D27FF} = {AA4E8234-B9D8-4327-8E98-471CE95CEB2C}
		{680F1967-AC85-47B7-8420-08290D9F2D03} = {AA4E8234-B9D8-4327-8E98-471CE95CEB2C}
		{D3A0B0A9-9116-4AE2-AFE9-2ECE6734D119} = {CAD5F2E1-227B-43AD-AFF9-1311097038D6}
		{A2632EE1-A1B4-461D-9840-5173004BB9AC} = {30657256-C907-42C2-B7B2-DA4FD8D0E412}
		{69CC0B36-F646-46AA-8879-A1AE4EDBA4B7} = {30657256-C907-42C2-B7B2-DA4FD8D0E412}
		{A3D4E729-B4AA-47B1-AABF-8B478F839C81} = {30657256-C907-42C2-B7B2-DA4FD8D0E412}
		{68111310-24F4-41FB-AE5F-FCF36B19DEC0} = {30657256-C907-42C2-B7B2-DA4FD8D0E412}
		{B1CCF34D-0743-45CE-A8AD-73BBB92830F0} = {30657256-C907-42C2-B7B2-DA4FD8D0E412}
		{71700BE3-0335-4479-B5A3-D5CFDCF6F92E} = {30657256-C907-42C2-B7B2-DA4FD8D0E412}
		{6F6D6B43-A290-4CBB-A955-BB752CB1398E} = {30657256-C907-42C2-B7B2-DA4FD8D0E412}
		{07B1E779-F501-4EB7-8E40-51A15C04466C} = {30657256-C907-42C2-B7B2-DA4FD8D0E412}
		{CAAC5B86-5CD7-4E04-85BB-0429127E7D11} = {30657256-C907-42C2-B7B2-DA4FD8D0E412}
		{CC11470A-D196-43C1-AA86-C80B6FDA2176} = {30657256-C907-42C2-B7B2-DA4FD8D0E412}
		{0153056B-8EB0-45D0-86E7-E2AD08B2657A} = {30657256-C907-42C2-B7B2-DA4FD8D0E412}
		{BABC5626-5E8F-4DDE-8649-6BE68BAA59E5} = {30657256-C907-42C2-B7B2-DA4FD8D0E412}
		{5B29B355-BA5C-4ED5-AC79-49A58C4ECB07} = {30657256-C907-42C2-B7B2-DA4FD8D0E412}
		{711E4B08-93E0-4A31-8AE7-8E7C97DA5260} = {30657256-C907-42C2-B7B2-DA4FD8D0E412}
		{8DEDB40D-1244-4A8A-A776-69971B219CBC} = {30657256-C907-42C2-B7B2-DA4FD8D0E412}
		{644B0F31-E946-4BF9-AFA5-54C80C78AE17} = {30657256-C907-42C2-B7B2-DA4FD8D0E412}
		{D7327C1F-008C-B410-1731-4C9D73C36294} = {30657256-C907-42C2-B7B2-DA4FD8D0E412}
		{9E059754-45E1-A78A-C64C-58A7B064A5E5} = {30657256-C907-42C2-B7B2-DA4FD8D0E412}
		{F51A9B94-B477-2535-6E66-6DC0E1FC4C86} = {30657256-C907-42C2-B7B2-DA4FD8D0E412}
		{927528F5-01A1-20D3-E67F-190BE1229CAB} = {30657256-C907-42C2-B7B2-DA4FD8D0E412}
		{E6BBC6C7-A37D-F243-63B1-BB73555EE4DE} = {30657256-C907-42C2-B7B2-DA4FD8D0E412}
		{8DD7D9EB-A54B-7C5D-ADF4-2447FF9A7CC4} = {30657256-C907-42C2-B7B2-DA4FD8D0E412}
	EndGlobalSection
	GlobalSection(ExtensibilityGlobals) = postSolution
		SolutionGuid = {82E271CB-7073-4A6C-8FF6-6DA616720D3A}
	EndGlobalSection
	GlobalSection(RiderSharedRunConfigurations) = postSolution
		File = src\Fluxzy.Desktop.Ui\ClientApp\.run\Angular CLI Server.run.xml
	EndGlobalSection
EndGlobal
