
Microsoft Visual Studio Solution File, Format Version 12.00
# Visual Studio Version 17
VisualStudioVersion = 17.0.31903.59
MinimumVisualStudioVersion = 10.0.40219.1
Project("{9A19103F-16F7-4668-BE54-9A1E7A4F7556}") = "Fluxzy", "src\Fluxzy\Fluxzy.csproj", "{DD0F010F-DEEC-43AA-A1A9-BF6014ECF3BD}"
EndProject
Project("{9A19103F-16F7-4668-BE54-9A1E7A4F7556}") = "Fluxzy.Cli", "src\Fluxzy.Cli\Fluxzy.Cli.csproj", "{A020742E-DADE-42CE-8235-18C084DFC597}"
EndProject
Project("{9A19103F-16F7-4668-BE54-9A1E7A4F7556}") = "Fluxzy.Tests", "test\Fluxzy.Tests\Fluxzy.Tests.csproj", "{D13EFEFE-CFCF-405E-99C1-E35E43B184DE}"
EndProject
Project("{2150E333-8FDC-42A3-9474-1A3956D46DE8}") = "Tests", "Tests", "{CAD5F2E1-227B-43AD-AFF9-1311097038D6}"
EndProject
Project("{9A19103F-16F7-4668-BE54-9A1E7A4F7556}") = "Fluxzy.Interop.Pcap", "src\Fluxzy.Interop.Pcap\Fluxzy.Interop.Pcap.csproj", "{9BA601E9-8E97-43D3-B562-B9B0E46E3036}"
EndProject
Project("{9A19103F-16F7-4668-BE54-9A1E7A4F7556}") = "Fluxzy.Interop.Pcap.Cli", "src\Fluxzy.Interop.Pcap.Cli\Fluxzy.Interop.Pcap.Cli.csproj", "{37905BB6-10F2-4752-8AE6-92A95FCDB705}"
EndProject
Project("{2150E333-8FDC-42A3-9474-1A3956D46DE8}") = "Pcap", "Pcap", "{AA4E8234-B9D8-4327-8E98-471CE95CEB2C}"
EndProject
Project("{9A19103F-16F7-4668-BE54-9A1E7A4F7556}") = "Fluxzy.Extensions", "src\Fluxzy.Extensions\Fluxzy.Extensions.csproj", "{4DF649BA-8A46-4FED-8BE9-D76AC10E447A}"
EndProject
Project("{2150E333-8FDC-42A3-9474-1A3956D46DE8}") = "Docs", "Docs", "{0680A987-3FA8-4A85-9ECD-49E185120ABB}"
EndProject
Project("{9A19103F-16F7-4668-BE54-9A1E7A4F7556}") = "Fluxzy.Tools.DocGen", "src\Fluxzy.Tools.DocGen\Fluxzy.Tools.DocGen.csproj", "{8D3369D8-3580-4197-893C-BCBA88DE71DD}"
EndProject
Project("{9A19103F-16F7-4668-BE54-9A1E7A4F7556}") = "Fluxzy.Tests.ConcreteSamples", "test\Fluxzy.Tests.ConcreteSamples\Fluxzy.Tests.ConcreteSamples.csproj", "{748A4A87-5D59-48FE-82B8-79593ED46428}"
EndProject
Project("{2150E333-8FDC-42A3-9474-1A3956D46DE8}") = "__global", "__global", "{00BE23C9-5D1A-44DE-A620-6C73418D8AB3}"
	ProjectSection(SolutionItems) = preProject
		.editorconfig = .editorconfig
		.gitattributes = .gitattributes
		.github\workflows\ci.yml = .github\workflows\ci.yml
		global.json = global.json
		.github\workflows\pull-request.yaml = .github\workflows\pull-request.yaml
		.github\workflows\release-cli.yml = .github\workflows\release-cli.yml
		version.json = version.json
		.github\workflows\release.-nuget.yml = .github\workflows\release.-nuget.yml
	EndProjectSection
EndProject
Project("{2150E333-8FDC-42A3-9474-1A3956D46DE8}") = "Samples", "Samples", "{30657256-C907-42C2-B7B2-DA4FD8D0E412}"
EndProject
Project("{9A19103F-16F7-4668-BE54-9A1E7A4F7556}") = "Samples.No001.SimpleCapture", "samples\Samples.No001.SimpleCapture\Samples.No001.SimpleCapture.csproj", "{479B505F-AA4F-4146-AA2E-5A3BA322AC55}"
EndProject
Project("{9A19103F-16F7-4668-BE54-9A1E7A4F7556}") = "Samples.No002.Filtering", "samples\Samples.No002.Filtering\Samples.No002.Filtering.csproj", "{D240C66F-96FE-4022-A6AF-B21376446085}"
EndProject
Project("{9A19103F-16F7-4668-BE54-9A1E7A4F7556}") = "Samples.No003.RawCapture", "samples\Samples.No003.RawCapture\Samples.No003.RawCapture.csproj", "{30EF65E5-BF26-4695-B2A5-287F1A2CEE54}"
EndProject
Project("{9A19103F-16F7-4668-BE54-9A1E7A4F7556}") = "Samples.No004.BasicAlterations", "samples\Samples.No004.BasicAlterations\Samples.No004.BasicAlterations.csproj", "{816F0C04-438E-4025-A7D8-6F812081F5A5}"
EndProject
Project("{9A19103F-16F7-4668-BE54-9A1E7A4F7556}") = "Samples.No005.BasicAlterations_FromConfigurationFile", "Samples\Samples.No005.BasicAlterations_FromConfigurationFile\Samples.No005.BasicAlterations_FromConfigurationFile.csproj", "{08C4DBAB-4EAD-413D-9A00-5CDC22F56985}"
EndProject
Project("{2150E333-8FDC-42A3-9474-1A3956D46DE8}") = "Scripts", "Scripts", "{F5C5DD67-8A16-4561-8545-2EF0441A2015}"
	ProjectSection(SolutionItems) = preProject
		tools\scripts\ArtefactNameBuilder.csx = tools\scripts\ArtefactNameBuilder.csx
	EndProjectSection
EndProject
Global
	GlobalSection(SolutionConfigurationPlatforms) = preSolution
		Debug|Any CPU = Debug|Any CPU
		Release|Any CPU = Release|Any CPU
	EndGlobalSection
	GlobalSection(ProjectConfigurationPlatforms) = postSolution
		{DD0F010F-DEEC-43AA-A1A9-BF6014ECF3BD}.Debug|Any CPU.ActiveCfg = Debug|Any CPU
		{DD0F010F-DEEC-43AA-A1A9-BF6014ECF3BD}.Debug|Any CPU.Build.0 = Debug|Any CPU
		{DD0F010F-DEEC-43AA-A1A9-BF6014ECF3BD}.Release|Any CPU.ActiveCfg = Release|Any CPU
		{DD0F010F-DEEC-43AA-A1A9-BF6014ECF3BD}.Release|Any CPU.Build.0 = Release|Any CPU
		{A020742E-DADE-42CE-8235-18C084DFC597}.Debug|Any CPU.ActiveCfg = Debug|Any CPU
		{A020742E-DADE-42CE-8235-18C084DFC597}.Debug|Any CPU.Build.0 = Debug|Any CPU
		{A020742E-DADE-42CE-8235-18C084DFC597}.Release|Any CPU.ActiveCfg = Release|Any CPU
		{A020742E-DADE-42CE-8235-18C084DFC597}.Release|Any CPU.Build.0 = Release|Any CPU
		{D13EFEFE-CFCF-405E-99C1-E35E43B184DE}.Debug|Any CPU.ActiveCfg = Debug|Any CPU
		{D13EFEFE-CFCF-405E-99C1-E35E43B184DE}.Debug|Any CPU.Build.0 = Debug|Any CPU
		{D13EFEFE-CFCF-405E-99C1-E35E43B184DE}.Release|Any CPU.ActiveCfg = Release|Any CPU
		{D13EFEFE-CFCF-405E-99C1-E35E43B184DE}.Release|Any CPU.Build.0 = Release|Any CPU
		{9BA601E9-8E97-43D3-B562-B9B0E46E3036}.Debug|Any CPU.ActiveCfg = Debug|Any CPU
		{9BA601E9-8E97-43D3-B562-B9B0E46E3036}.Debug|Any CPU.Build.0 = Debug|Any CPU
		{9BA601E9-8E97-43D3-B562-B9B0E46E3036}.Release|Any CPU.ActiveCfg = Release|Any CPU
		{9BA601E9-8E97-43D3-B562-B9B0E46E3036}.Release|Any CPU.Build.0 = Release|Any CPU
		{37905BB6-10F2-4752-8AE6-92A95FCDB705}.Debug|Any CPU.ActiveCfg = Debug|Any CPU
		{37905BB6-10F2-4752-8AE6-92A95FCDB705}.Debug|Any CPU.Build.0 = Debug|Any CPU
		{37905BB6-10F2-4752-8AE6-92A95FCDB705}.Release|Any CPU.ActiveCfg = Release|Any CPU
		{37905BB6-10F2-4752-8AE6-92A95FCDB705}.Release|Any CPU.Build.0 = Release|Any CPU
		{4DF649BA-8A46-4FED-8BE9-D76AC10E447A}.Debug|Any CPU.ActiveCfg = Debug|Any CPU
		{4DF649BA-8A46-4FED-8BE9-D76AC10E447A}.Debug|Any CPU.Build.0 = Debug|Any CPU
		{4DF649BA-8A46-4FED-8BE9-D76AC10E447A}.Release|Any CPU.ActiveCfg = Release|Any CPU
		{4DF649BA-8A46-4FED-8BE9-D76AC10E447A}.Release|Any CPU.Build.0 = Release|Any CPU
		{8D3369D8-3580-4197-893C-BCBA88DE71DD}.Debug|Any CPU.ActiveCfg = Debug|Any CPU
		{8D3369D8-3580-4197-893C-BCBA88DE71DD}.Debug|Any CPU.Build.0 = Debug|Any CPU
		{8D3369D8-3580-4197-893C-BCBA88DE71DD}.Release|Any CPU.ActiveCfg = Release|Any CPU
		{8D3369D8-3580-4197-893C-BCBA88DE71DD}.Release|Any CPU.Build.0 = Release|Any CPU
		{748A4A87-5D59-48FE-82B8-79593ED46428}.Debug|Any CPU.ActiveCfg = Debug|Any CPU
		{748A4A87-5D59-48FE-82B8-79593ED46428}.Debug|Any CPU.Build.0 = Debug|Any CPU
		{748A4A87-5D59-48FE-82B8-79593ED46428}.Release|Any CPU.ActiveCfg = Release|Any CPU
		{748A4A87-5D59-48FE-82B8-79593ED46428}.Release|Any CPU.Build.0 = Release|Any CPU
		{479B505F-AA4F-4146-AA2E-5A3BA322AC55}.Debug|Any CPU.ActiveCfg = Debug|Any CPU
		{479B505F-AA4F-4146-AA2E-5A3BA322AC55}.Debug|Any CPU.Build.0 = Debug|Any CPU
		{479B505F-AA4F-4146-AA2E-5A3BA322AC55}.Release|Any CPU.ActiveCfg = Release|Any CPU
		{479B505F-AA4F-4146-AA2E-5A3BA322AC55}.Release|Any CPU.Build.0 = Release|Any CPU
		{D240C66F-96FE-4022-A6AF-B21376446085}.Debug|Any CPU.ActiveCfg = Debug|Any CPU
		{D240C66F-96FE-4022-A6AF-B21376446085}.Debug|Any CPU.Build.0 = Debug|Any CPU
		{D240C66F-96FE-4022-A6AF-B21376446085}.Release|Any CPU.ActiveCfg = Release|Any CPU
		{D240C66F-96FE-4022-A6AF-B21376446085}.Release|Any CPU.Build.0 = Release|Any CPU
		{30EF65E5-BF26-4695-B2A5-287F1A2CEE54}.Debug|Any CPU.ActiveCfg = Debug|Any CPU
		{30EF65E5-BF26-4695-B2A5-287F1A2CEE54}.Debug|Any CPU.Build.0 = Debug|Any CPU
		{30EF65E5-BF26-4695-B2A5-287F1A2CEE54}.Release|Any CPU.ActiveCfg = Release|Any CPU
		{30EF65E5-BF26-4695-B2A5-287F1A2CEE54}.Release|Any CPU.Build.0 = Release|Any CPU
		{816F0C04-438E-4025-A7D8-6F812081F5A5}.Debug|Any CPU.ActiveCfg = Debug|Any CPU
		{816F0C04-438E-4025-A7D8-6F812081F5A5}.Debug|Any CPU.Build.0 = Debug|Any CPU
		{816F0C04-438E-4025-A7D8-6F812081F5A5}.Release|Any CPU.ActiveCfg = Release|Any CPU
		{816F0C04-438E-4025-A7D8-6F812081F5A5}.Release|Any CPU.Build.0 = Release|Any CPU
		{08C4DBAB-4EAD-413D-9A00-5CDC22F56985}.Debug|Any CPU.ActiveCfg = Debug|Any CPU
		{08C4DBAB-4EAD-413D-9A00-5CDC22F56985}.Debug|Any CPU.Build.0 = Debug|Any CPU
		{08C4DBAB-4EAD-413D-9A00-5CDC22F56985}.Release|Any CPU.ActiveCfg = Release|Any CPU
		{08C4DBAB-4EAD-413D-9A00-5CDC22F56985}.Release|Any CPU.Build.0 = Release|Any CPU
	EndGlobalSection
	GlobalSection(SolutionProperties) = preSolution
		HideSolutionNode = FALSE
	EndGlobalSection
	GlobalSection(NestedProjects) = preSolution
		{D13EFEFE-CFCF-405E-99C1-E35E43B184DE} = {CAD5F2E1-227B-43AD-AFF9-1311097038D6}
		{9BA601E9-8E97-43D3-B562-B9B0E46E3036} = {AA4E8234-B9D8-4327-8E98-471CE95CEB2C}
		{37905BB6-10F2-4752-8AE6-92A95FCDB705} = {AA4E8234-B9D8-4327-8E98-471CE95CEB2C}
		{8D3369D8-3580-4197-893C-BCBA88DE71DD} = {0680A987-3FA8-4A85-9ECD-49E185120ABB}
		{748A4A87-5D59-48FE-82B8-79593ED46428} = {CAD5F2E1-227B-43AD-AFF9-1311097038D6}
		{479B505F-AA4F-4146-AA2E-5A3BA322AC55} = {30657256-C907-42C2-B7B2-DA4FD8D0E412}
		{D240C66F-96FE-4022-A6AF-B21376446085} = {30657256-C907-42C2-B7B2-DA4FD8D0E412}
		{30EF65E5-BF26-4695-B2A5-287F1A2CEE54} = {30657256-C907-42C2-B7B2-DA4FD8D0E412}
		{816F0C04-438E-4025-A7D8-6F812081F5A5} = {30657256-C907-42C2-B7B2-DA4FD8D0E412}
		{08C4DBAB-4EAD-413D-9A00-5CDC22F56985} = {30657256-C907-42C2-B7B2-DA4FD8D0E412}
	EndGlobalSection
	GlobalSection(ExtensibilityGlobals) = postSolution
		SolutionGuid = {82E271CB-7073-4A6C-8FF6-6DA616720D3A}
	EndGlobalSection
	GlobalSection(RiderSharedRunConfigurations) = postSolution
		File = src\Fluxzy.Desktop.Ui\ClientApp\.run\Angular CLI Server.run.xml
	EndGlobalSection
EndGlobal
